
Microsoft Visual Studio Solution File, Format Version 12.00
# Visual Studio 15
VisualStudioVersion = 15.0.28010.2026
MinimumVisualStudioVersion = 10.0.40219.1
Project("{FAE04EC0-301F-11D3-BF4B-00C04F79EFBC}") = "CMPH_Financial", "CMPH_Financial\CMPH_Financial.csproj", "{DDD3215F-E9E9-41E2-9662-95E54B5B2AE5}"
EndProject
Global
	GlobalSection(SolutionConfigurationPlatforms) = preSolution
		Debug|Any CPU = Debug|Any CPU
		Release|Any CPU = Release|Any CPU
	EndGlobalSection
	GlobalSection(ProjectConfigurationPlatforms) = postSolution
		{DDD3215F-E9E9-41E2-9662-95E54B5B2AE5}.Debug|Any CPU.ActiveCfg = Debug|Any CPU
		{DDD3215F-E9E9-41E2-9662-95E54B5B2AE5}.Debug|Any CPU.Build.0 = Debug|Any CPU
		{DDD3215F-E9E9-41E2-9662-95E54B5B2AE5}.Release|Any CPU.ActiveCfg = Release|Any CPU
		{DDD3215F-E9E9-41E2-9662-95E54B5B2AE5}.Release|Any CPU.Build.0 = Release|Any CPU
	EndGlobalSection
	GlobalSection(SolutionProperties) = preSolution
		HideSolutionNode = FALSE
	EndGlobalSection
	GlobalSection(ExtensibilityGlobals) = postSolution
		SolutionGuid = {201061C5-F0E2-4934-826F-B67FD17160A7}
	EndGlobalSection
EndGlobal
